{
  "name": "encode-price",
  "version": "1.0.0",
  "lockfileVersion": 1,
  "requires": true,
  "dependencies": {
    "caesar-salad": {
      "version": "1.0.1",
      "resolved": "https://registry.npmjs.org/caesar-salad/-/caesar-salad-1.0.1.tgz",
      "integrity": "sha1-iF8dVMxOouWEfqS6XuJa3P151uA=",
      "requires": {
        "char-buffer": "^1.0.0"
      }
    },
    "char-buffer": {
      "version": "1.0.1",
      "resolved": "https://registry.npmjs.org/char-buffer/-/char-buffer-1.0.1.tgz",
      "integrity": "sha1-MDdhNdKg1Mi8JrkSw/hcf99JRmk="
    }
  }
}
